
Microsoft Visual Studio Solution File, Format Version 12.00
# Visual Studio Version 17
VisualStudioVersion = 17.14.36109.1 d17.14
MinimumVisualStudioVersion = 10.0.40219.1
Project("{8BC9CEB8-8B4A-11D0-8D11-00A0C91BC942}") = "Architect's View", "Architect's View\Architect's View.vcxproj", "{39EDDF0D-423B-4B4C-8018-D350342B9348}"
EndProject
Global
	GlobalSection(SolutionConfigurationPlatforms) = preSolution
		Debug|x64 = Debug|x64
		Debug|x86 = Debug|x86
		Release|x64 = Release|x64
		Release|x86 = Release|x86
	EndGlobalSection
	GlobalSection(ProjectConfigurationPlatforms) = postSolution
		{39EDDF0D-423B-4B4C-8018-D350342B9348}.Debug|x64.ActiveCfg = Debug|x64
		{39EDDF0D-423B-4B4C-8018-D350342B9348}.Debug|x64.Build.0 = Debug|x64
		{39EDDF0D-423B-4B4C-8018-D350342B9348}.Debug|x86.ActiveCfg = Debug|Win32
		{39EDDF0D-423B-4B4C-8018-D350342B9348}.Debug|x86.Build.0 = Debug|Win32
		{39EDDF0D-423B-4B4C-8018-D350342B9348}.Release|x64.ActiveCfg = Release|x64
		{39EDDF0D-423B-4B4C-8018-D350342B9348}.Release|x64.Build.0 = Release|x64
		{39EDDF0D-423B-4B4C-8018-D350342B9348}.Release|x86.ActiveCfg = Release|Win32
		{39EDDF0D-423B-4B4C-8018-D350342B9348}.Release|x86.Build.0 = Release|Win32
	EndGlobalSection
	GlobalSection(SolutionProperties) = preSolution
		HideSolutionNode = FALSE
	EndGlobalSection
	GlobalSection(ExtensibilityGlobals) = postSolution
		SolutionGuid = {25CC3399-2E42-420B-84BC-6736387E103C}
	EndGlobalSection
EndGlobal
